{
  "version": 4,
  "terraform_version": "0.14.7",
  "serial": 3,
  "lineage": "7b9c5b6b-ce2c-9cb9-f940-b696b4454038",
  "outputs": {
    "coolness": {
      "value": "very",
      "type": "string"
    },
    "randomness": {
      "value": "f33da529",
      "type": "string"
    }
  },
  "resources": [
    {
      "mode": "managed",
      "type": "null_resource",
      "name": "test",
      "provider": "provider[\"registry.terraform.io/hashicorp/null\"]",
      "instances": [
        {
          "schema_version": 0,
          "attributes": {
            "id": "1790215571976780205",
            "triggers": {
              "trigger": "f33da529"
            }
          },
          "sensitive_attributes": [],
          "private": "bnVsbA==",
          "dependencies": [
            "random_id.test"
          ]
        }
      ]
    },
    {
      "mode": "managed",
      "type": "random_id",
      "name": "test",
      "provider": "provider[\"registry.terraform.io/hashicorp/random\"]",
      "instances": [
        {
          "schema_version": 0,
          "attributes": {
            "b64_std": "8z2lKQ==",
            "b64_url": "8z2lKQ",
            "byte_length": 4,
            "dec": "4080903465",
            "hex": "f33da529",
            "id": "8z2lKQ",
            "keepers": null,
            "prefix": null
          },
          "sensitive_attributes": [],
          "private": "bnVsbA=="
        }
      ]
    }
  ]
}
